// !$*UTF8*$!
{
	archiveVersion = 1;
	classes = {
	};
	objectVersion = 50;
	objects = {

/* Begin PBXBuildFile section */
		046EC58A25E4211800A44EFC /* AppDelegate.swift in Sources */ = {isa = PBXBuildFile; fileRef = 046EC58925E4211800A44EFC /* AppDelegate.swift */; };
		046EC58C25E4211800A44EFC /* SceneDelegate.swift in Sources */ = {isa = PBXBuildFile; fileRef = 046EC58B25E4211800A44EFC /* SceneDelegate.swift */; };
		046EC59425E4211800A44EFC /* todo_list_app.xcdatamodeld in Sources */ = {isa = PBXBuildFile; fileRef = 046EC59225E4211800A44EFC /* todo_list_app.xcdatamodeld */; };
		046EC59625E4211C00A44EFC /* Assets.xcassets in Resources */ = {isa = PBXBuildFile; fileRef = 046EC59525E4211C00A44EFC /* Assets.xcassets */; };
		046EC59925E4211C00A44EFC /* LaunchScreen.storyboard in Resources */ = {isa = PBXBuildFile; fileRef = 046EC59725E4211C00A44EFC /* LaunchScreen.storyboard */; };
		046EC5AB25E4236F00A44EFC /* HomePageViewController.swift in Sources */ = {isa = PBXBuildFile; fileRef = 046EC5AA25E4236F00A44EFC /* HomePageViewController.swift */; };
		046EC5B425E446F500A44EFC /* TodoListTableViewController.swift in Sources */ = {isa = PBXBuildFile; fileRef = 046EC5B325E446F500A44EFC /* TodoListTableViewController.swift */; };
		046EC5CF25E5B98700A44EFC /* TodoListItem+CoreDataClass.swift in Sources */ = {isa = PBXBuildFile; fileRef = 046EC5CD25E5B98700A44EFC /* TodoListItem+CoreDataClass.swift */; };
		046EC5D025E5B98700A44EFC /* TodoListItem+CoreDataProperties.swift in Sources */ = {isa = PBXBuildFile; fileRef = 046EC5CE25E5B98700A44EFC /* TodoListItem+CoreDataProperties.swift */; };
		046EC5E325E6A9F700A44EFC /* HomePageVCExtension.swift in Sources */ = {isa = PBXBuildFile; fileRef = 046EC5E225E6A9F700A44EFC /* HomePageVCExtension.swift */; };
		046EC5E725E6AE4C00A44EFC /* TodoListTableVCExtension.swift in Sources */ = {isa = PBXBuildFile; fileRef = 046EC5E625E6AE4C00A44EFC /* TodoListTableVCExtension.swift */; };
		04B93AEA25FB5E0A00077262 /* todo_list_appTests.swift in Sources */ = {isa = PBXBuildFile; fileRef = 04B93AE925FB5E0A00077262 /* todo_list_appTests.swift */; };
		04B93AF425FB5E8100077262 /* TodoListModelTest.swift in Sources */ = {isa = PBXBuildFile; fileRef = 04B93AF325FB5E8100077262 /* TodoListModelTest.swift */; };
/* End PBXBuildFile section */

/* Begin PBXContainerItemProxy section */
		04B93AEC25FB5E0A00077262 /* PBXContainerItemProxy */ = {
			isa = PBXContainerItemProxy;
			containerPortal = 046EC57E25E4211800A44EFC /* Project object */;
			proxyType = 1;
			remoteGlobalIDString = 046EC58525E4211800A44EFC;
			remoteInfo = "todo-list-app";
		};
/* End PBXContainerItemProxy section */

/* Begin PBXFileReference section */
		046EC58625E4211800A44EFC /* todo-list-app.app */ = {isa = PBXFileReference; explicitFileType = wrapper.application; includeInIndex = 0; path = "todo-list-app.app"; sourceTree = BUILT_PRODUCTS_DIR; };
		046EC58925E4211800A44EFC /* AppDelegate.swift */ = {isa = PBXFileReference; lastKnownFileType = sourcecode.swift; path = AppDelegate.swift; sourceTree = "<group>"; };
		046EC58B25E4211800A44EFC /* SceneDelegate.swift */ = {isa = PBXFileReference; lastKnownFileType = sourcecode.swift; path = SceneDelegate.swift; sourceTree = "<group>"; };
		046EC59325E4211800A44EFC /* todo_list_app.xcdatamodel */ = {isa = PBXFileReference; lastKnownFileType = wrapper.xcdatamodel; path = todo_list_app.xcdatamodel; sourceTree = "<group>"; };
		046EC59525E4211C00A44EFC /* Assets.xcassets */ = {isa = PBXFileReference; lastKnownFileType = folder.assetcatalog; path = Assets.xcassets; sourceTree = "<group>"; };
		046EC59825E4211C00A44EFC /* Base */ = {isa = PBXFileReference; lastKnownFileType = file.storyboard; name = Base; path = Base.lproj/LaunchScreen.storyboard; sourceTree = "<group>"; };
		046EC59A25E4211C00A44EFC /* Info.plist */ = {isa = PBXFileReference; lastKnownFileType = text.plist.xml; path = Info.plist; sourceTree = "<group>"; };
		046EC5AA25E4236F00A44EFC /* HomePageViewController.swift */ = {isa = PBXFileReference; lastKnownFileType = sourcecode.swift; path = HomePageViewController.swift; sourceTree = "<group>"; };
		046EC5B325E446F500A44EFC /* TodoListTableViewController.swift */ = {isa = PBXFileReference; lastKnownFileType = sourcecode.swift; path = TodoListTableViewController.swift; sourceTree = "<group>"; };
		046EC5CD25E5B98700A44EFC /* TodoListItem+CoreDataClass.swift */ = {isa = PBXFileReference; lastKnownFileType = sourcecode.swift; path = "TodoListItem+CoreDataClass.swift"; sourceTree = "<group>"; };
		046EC5CE25E5B98700A44EFC /* TodoListItem+CoreDataProperties.swift */ = {isa = PBXFileReference; lastKnownFileType = sourcecode.swift; path = "TodoListItem+CoreDataProperties.swift"; sourceTree = "<group>"; };
		046EC5E225E6A9F700A44EFC /* HomePageVCExtension.swift */ = {isa = PBXFileReference; lastKnownFileType = sourcecode.swift; path = HomePageVCExtension.swift; sourceTree = "<group>"; };
		046EC5E625E6AE4C00A44EFC /* TodoListTableVCExtension.swift */ = {isa = PBXFileReference; lastKnownFileType = sourcecode.swift; path = TodoListTableVCExtension.swift; sourceTree = "<group>"; };
		04B93AE725FB5E0A00077262 /* todo-list-appTests.xctest */ = {isa = PBXFileReference; explicitFileType = wrapper.cfbundle; includeInIndex = 0; path = "todo-list-appTests.xctest"; sourceTree = BUILT_PRODUCTS_DIR; };
		04B93AE925FB5E0A00077262 /* todo_list_appTests.swift */ = {isa = PBXFileReference; lastKnownFileType = sourcecode.swift; path = todo_list_appTests.swift; sourceTree = "<group>"; };
		04B93AEB25FB5E0A00077262 /* Info.plist */ = {isa = PBXFileReference; lastKnownFileType = text.plist.xml; path = Info.plist; sourceTree = "<group>"; };
		04B93AF325FB5E8100077262 /* TodoListModelTest.swift */ = {isa = PBXFileReference; lastKnownFileType = sourcecode.swift; path = TodoListModelTest.swift; sourceTree = "<group>"; };
/* End PBXFileReference section */

/* Begin PBXFrameworksBuildPhase section */
		046EC58325E4211800A44EFC /* Frameworks */ = {
			isa = PBXFrameworksBuildPhase;
			buildActionMask = 2147483647;
			files = (
			);
			runOnlyForDeploymentPostprocessing = 0;
		};
		04B93AE425FB5E0A00077262 /* Frameworks */ = {
			isa = PBXFrameworksBuildPhase;
			buildActionMask = 2147483647;
			files = (
			);
			runOnlyForDeploymentPostprocessing = 0;
		};
/* End PBXFrameworksBuildPhase section */

/* Begin PBXGroup section */
		046EC57D25E4211800A44EFC = {
			isa = PBXGroup;
			children = (
				046EC58825E4211800A44EFC /* todo-list-app */,
				04B93AE825FB5E0A00077262 /* todo-list-appTests */,
				046EC58725E4211800A44EFC /* Products */,
			);
			sourceTree = "<group>";
		};
		046EC58725E4211800A44EFC /* Products */ = {
			isa = PBXGroup;
			children = (
				046EC58625E4211800A44EFC /* todo-list-app.app */,
				04B93AE725FB5E0A00077262 /* todo-list-appTests.xctest */,
			);
			name = Products;
			sourceTree = "<group>";
		};
		046EC58825E4211800A44EFC /* todo-list-app */ = {
			isa = PBXGroup;
			children = (
				046EC5E125E6A9D500A44EFC /* Extension */,
				046EC5A425E4222000A44EFC /* Model */,
				046EC5A525E4222F00A44EFC /* View */,
				046EC5D525E5BEAD00A44EFC /* Controller */,
				046EC5A725E422B500A44EFC /* Assets */,
				046EC5A825E422C100A44EFC /* Supporting Files */,
				046EC5D425E5BBAB00A44EFC /* Core Data File */,
			);
			path = "todo-list-app";
			sourceTree = "<group>";
		};
		046EC5A425E4222000A44EFC /* Model */ = {
			isa = PBXGroup;
			children = (
			);
			path = Model;
			sourceTree = "<group>";
		};
		046EC5A525E4222F00A44EFC /* View */ = {
			isa = PBXGroup;
			children = (
			);
			path = View;
			sourceTree = "<group>";
		};
		046EC5A725E422B500A44EFC /* Assets */ = {
			isa = PBXGroup;
			children = (
				046EC59525E4211C00A44EFC /* Assets.xcassets */,
			);
			name = Assets;
			sourceTree = "<group>";
		};
		046EC5A825E422C100A44EFC /* Supporting Files */ = {
			isa = PBXGroup;
			children = (
				046EC58925E4211800A44EFC /* AppDelegate.swift */,
				046EC58B25E4211800A44EFC /* SceneDelegate.swift */,
				046EC59725E4211C00A44EFC /* LaunchScreen.storyboard */,
				046EC59A25E4211C00A44EFC /* Info.plist */,
			);
			name = "Supporting Files";
			sourceTree = "<group>";
		};
		046EC5D425E5BBAB00A44EFC /* Core Data File */ = {
			isa = PBXGroup;
			children = (
				046EC5CD25E5B98700A44EFC /* TodoListItem+CoreDataClass.swift */,
				046EC5CE25E5B98700A44EFC /* TodoListItem+CoreDataProperties.swift */,
				046EC59225E4211800A44EFC /* todo_list_app.xcdatamodeld */,
			);
			name = "Core Data File";
			sourceTree = "<group>";
		};
		046EC5D525E5BEAD00A44EFC /* Controller */ = {
			isa = PBXGroup;
			children = (
				046EC5AA25E4236F00A44EFC /* HomePageViewController.swift */,
				046EC5B325E446F500A44EFC /* TodoListTableViewController.swift */,
			);
			name = Controller;
			sourceTree = "<group>";
		};
		046EC5E125E6A9D500A44EFC /* Extension */ = {
			isa = PBXGroup;
			children = (
				046EC5E225E6A9F700A44EFC /* HomePageVCExtension.swift */,
				046EC5E625E6AE4C00A44EFC /* TodoListTableVCExtension.swift */,
			);
			name = Extension;
			sourceTree = "<group>";
		};
		04B93AE825FB5E0A00077262 /* todo-list-appTests */ = {
			isa = PBXGroup;
			children = (
				04B93AF325FB5E8100077262 /* TodoListModelTest.swift */,
				04B93AE925FB5E0A00077262 /* todo_list_appTests.swift */,
				04B93AEB25FB5E0A00077262 /* Info.plist */,
			);
			path = "todo-list-appTests";
			sourceTree = "<group>";
		};
/* End PBXGroup section */

/* Begin PBXNativeTarget section */
		046EC58525E4211800A44EFC /* todo-list-app */ = {
			isa = PBXNativeTarget;
			buildConfigurationList = 046EC59D25E4211C00A44EFC /* Build configuration list for PBXNativeTarget "todo-list-app" */;
			buildPhases = (
				046EC58225E4211800A44EFC /* Sources */,
				046EC58325E4211800A44EFC /* Frameworks */,
				046EC58425E4211800A44EFC /* Resources */,
			);
			buildRules = (
			);
			dependencies = (
			);
			name = "todo-list-app";
			productName = "todo-list-app";
			productReference = 046EC58625E4211800A44EFC /* todo-list-app.app */;
			productType = "com.apple.product-type.application";
		};
		04B93AE625FB5E0A00077262 /* todo-list-appTests */ = {
			isa = PBXNativeTarget;
			buildConfigurationList = 04B93AF025FB5E0A00077262 /* Build configuration list for PBXNativeTarget "todo-list-appTests" */;
			buildPhases = (
				04B93AE325FB5E0A00077262 /* Sources */,
				04B93AE425FB5E0A00077262 /* Frameworks */,
				04B93AE525FB5E0A00077262 /* Resources */,
			);
			buildRules = (
			);
			dependencies = (
				04B93AED25FB5E0A00077262 /* PBXTargetDependency */,
			);
			name = "todo-list-appTests";
			productName = "todo-list-appTests";
			productReference = 04B93AE725FB5E0A00077262 /* todo-list-appTests.xctest */;
			productType = "com.apple.product-type.bundle.unit-test";
		};
/* End PBXNativeTarget section */

/* Begin PBXProject section */
		046EC57E25E4211800A44EFC /* Project object */ = {
			isa = PBXProject;
			attributes = {
				LastSwiftUpdateCheck = 1240;
				LastUpgradeCheck = 1240;
				TargetAttributes = {
					046EC58525E4211800A44EFC = {
						CreatedOnToolsVersion = 12.4;
					};
					04B93AE625FB5E0A00077262 = {
						CreatedOnToolsVersion = 12.4;
						TestTargetID = 046EC58525E4211800A44EFC;
					};
				};
			};
			buildConfigurationList = 046EC58125E4211800A44EFC /* Build configuration list for PBXProject "todo-list-app" */;
			compatibilityVersion = "Xcode 9.3";
			developmentRegion = en;
			hasScannedForEncodings = 0;
			knownRegions = (
				en,
				Base,
			);
			mainGroup = 046EC57D25E4211800A44EFC;
			productRefGroup = 046EC58725E4211800A44EFC /* Products */;
			projectDirPath = "";
			projectRoot = "";
			targets = (
				046EC58525E4211800A44EFC /* todo-list-app */,
				04B93AE625FB5E0A00077262 /* todo-list-appTests */,
			);
		};
/* End PBXProject section */

/* Begin PBXResourcesBuildPhase section */
		046EC58425E4211800A44EFC /* Resources */ = {
			isa = PBXResourcesBuildPhase;
			buildActionMask = 2147483647;
			files = (
				046EC59925E4211C00A44EFC /* LaunchScreen.storyboard in Resources */,
				046EC59625E4211C00A44EFC /* Assets.xcassets in Resources */,
			);
			runOnlyForDeploymentPostprocessing = 0;
		};
		04B93AE525FB5E0A00077262 /* Resources */ = {
			isa = PBXResourcesBuildPhase;
			buildActionMask = 2147483647;
			files = (
			);
			runOnlyForDeploymentPostprocessing = 0;
		};
/* End PBXResourcesBuildPhase section */

/* Begin PBXSourcesBuildPhase section */
		046EC58225E4211800A44EFC /* Sources */ = {
			isa = PBXSourcesBuildPhase;
			buildActionMask = 2147483647;
			files = (
				046EC5E325E6A9F700A44EFC /* HomePageVCExtension.swift in Sources */,
				046EC5AB25E4236F00A44EFC /* HomePageViewController.swift in Sources */,
				046EC58A25E4211800A44EFC /* AppDelegate.swift in Sources */,
				046EC58C25E4211800A44EFC /* SceneDelegate.swift in Sources */,
				046EC59425E4211800A44EFC /* todo_list_app.xcdatamodeld in Sources */,
				046EC5D025E5B98700A44EFC /* TodoListItem+CoreDataProperties.swift in Sources */,
				046EC5CF25E5B98700A44EFC /* TodoListItem+CoreDataClass.swift in Sources */,
				046EC5E725E6AE4C00A44EFC /* TodoListTableVCExtension.swift in Sources */,
				046EC5B425E446F500A44EFC /* TodoListTableViewController.swift in Sources */,
			);
			runOnlyForDeploymentPostprocessing = 0;
		};
		04B93AE325FB5E0A00077262 /* Sources */ = {
			isa = PBXSourcesBuildPhase;
			buildActionMask = 2147483647;
			files = (
				04B93AEA25FB5E0A00077262 /* todo_list_appTests.swift in Sources */,
				04B93AF425FB5E8100077262 /* TodoListModelTest.swift in Sources */,
			);
			runOnlyForDeploymentPostprocessing = 0;
		};
/* End PBXSourcesBuildPhase section */

/* Begin PBXTargetDependency section */
		04B93AED25FB5E0A00077262 /* PBXTargetDependency */ = {
			isa = PBXTargetDependency;
			target = 046EC58525E4211800A44EFC /* todo-list-app */;
			targetProxy = 04B93AEC25FB5E0A00077262 /* PBXContainerItemProxy */;
		};
/* End PBXTargetDependency section */

/* Begin PBXVariantGroup section */
		046EC59725E4211C00A44EFC /* LaunchScreen.storyboard */ = {
			isa = PBXVariantGroup;
			children = (
				046EC59825E4211C00A44EFC /* Base */,
			);
			name = LaunchScreen.storyboard;
			sourceTree = "<group>";
		};
/* End PBXVariantGroup section */

/* Begin XCBuildConfiguration section */
		046EC59B25E4211C00A44EFC /* Debug */ = {
			isa = XCBuildConfiguration;
			buildSettings = {
				ALWAYS_SEARCH_USER_PATHS = NO;
				CLANG_ANALYZER_NONNULL = YES;
				CLANG_ANALYZER_NUMBER_OBJECT_CONVERSION = YES_AGGRESSIVE;
				CLANG_CXX_LANGUAGE_STANDARD = "gnu++14";
				CLANG_CXX_LIBRARY = "libc++";
				CLANG_ENABLE_MODULES = YES;
				CLANG_ENABLE_OBJC_ARC = YES;
				CLANG_ENABLE_OBJC_WEAK = YES;
				CLANG_WARN_BLOCK_CAPTURE_AUTORELEASING = YES;
				CLANG_WARN_BOOL_CONVERSION = YES;
				CLANG_WARN_COMMA = YES;
				CLANG_WARN_CONSTANT_CONVERSION = YES;
				CLANG_WARN_DEPRECATED_OBJC_IMPLEMENTATIONS = YES;
				CLANG_WARN_DIRECT_OBJC_ISA_USAGE = YES_ERROR;
				CLANG_WARN_DOCUMENTATION_COMMENTS = YES;
				CLANG_WARN_EMPTY_BODY = YES;
				CLANG_WARN_ENUM_CONVERSION = YES;
				CLANG_WARN_INFINITE_RECURSION = YES;
				CLANG_WARN_INT_CONVERSION = YES;
				CLANG_WARN_NON_LITERAL_NULL_CONVERSION = YES;
				CLANG_WARN_OBJC_IMPLICIT_RETAIN_SELF = YES;
				CLANG_WARN_OBJC_LITERAL_CONVERSION = YES;
				CLANG_WARN_OBJC_ROOT_CLASS = YES_ERROR;
				CLANG_WARN_QUOTED_INCLUDE_IN_FRAMEWORK_HEADER = YES;
				CLANG_WARN_RANGE_LOOP_ANALYSIS = YES;
				CLANG_WARN_STRICT_PROTOTYPES = YES;
				CLANG_WARN_SUSPICIOUS_MOVE = YES;
				CLANG_WARN_UNGUARDED_AVAILABILITY = YES_AGGRESSIVE;
				CLANG_WARN_UNREACHABLE_CODE = YES;
				CLANG_WARN__DUPLICATE_METHOD_MATCH = YES;
				COPY_PHASE_STRIP = NO;
				DEBUG_INFORMATION_FORMAT = dwarf;
				ENABLE_STRICT_OBJC_MSGSEND = YES;
				ENABLE_TESTABILITY = YES;
				GCC_C_LANGUAGE_STANDARD = gnu11;
				GCC_DYNAMIC_NO_PIC = NO;
				GCC_NO_COMMON_BLOCKS = YES;
				GCC_OPTIMIZATION_LEVEL = 0;
				GCC_PREPROCESSOR_DEFINITIONS = (
					"DEBUG=1",
					"$(inherited)",
				);
				GCC_WARN_64_TO_32_BIT_CONVERSION = YES;
				GCC_WARN_ABOUT_RETURN_TYPE = YES_ERROR;
				GCC_WARN_UNDECLARED_SELECTOR = YES;
				GCC_WARN_UNINITIALIZED_AUTOS = YES_AGGRESSIVE;
				GCC_WARN_UNUSED_FUNCTION = YES;
				GCC_WARN_UNUSED_VARIABLE = YES;
				IPHONEOS_DEPLOYMENT_TARGET = 14.4;
				MTL_ENABLE_DEBUG_INFO = INCLUDE_SOURCE;
				MTL_FAST_MATH = YES;
				ONLY_ACTIVE_ARCH = YES;
				SDKROOT = iphoneos;
				SWIFT_ACTIVE_COMPILATION_CONDITIONS = DEBUG;
				SWIFT_OPTIMIZATION_LEVEL = "-Onone";
			};
			name = Debug;
		};
		046EC59C25E4211C00A44EFC /* Release */ = {
			isa = XCBuildConfiguration;
			buildSettings = {
				ALWAYS_SEARCH_USER_PATHS = NO;
				CLANG_ANALYZER_NONNULL = YES;
				CLANG_ANALYZER_NUMBER_OBJECT_CONVERSION = YES_AGGRESSIVE;
				CLANG_CXX_LANGUAGE_STANDARD = "gnu++14";
				CLANG_CXX_LIBRARY = "libc++";
				CLANG_ENABLE_MODULES = YES;
				CLANG_ENABLE_OBJC_ARC = YES;
				CLANG_ENABLE_OBJC_WEAK = YES;
				CLANG_WARN_BLOCK_CAPTURE_AUTORELEASING = YES;
				CLANG_WARN_BOOL_CONVERSION = YES;
				CLANG_WARN_COMMA = YES;
				CLANG_WARN_CONSTANT_CONVERSION = YES;
				CLANG_WARN_DEPRECATED_OBJC_IMPLEMENTATIONS = YES;
				CLANG_WARN_DIRECT_OBJC_ISA_USAGE = YES_ERROR;
				CLANG_WARN_DOCUMENTATION_COMMENTS = YES;
				CLANG_WARN_EMPTY_BODY = YES;
				CLANG_WARN_ENUM_CONVERSION = YES;
				CLANG_WARN_INFINITE_RECURSION = YES;
				CLANG_WARN_INT_CONVERSION = YES;
				CLANG_WARN_NON_LITERAL_NULL_CONVERSION = YES;
				CLANG_WARN_OBJC_IMPLICIT_RETAIN_SELF = YES;
				CLANG_WARN_OBJC_LITERAL_CONVERSION = YES;
				CLANG_WARN_OBJC_ROOT_CLASS = YES_ERROR;
				CLANG_WARN_QUOTED_INCLUDE_IN_FRAMEWORK_HEADER = YES;
				CLANG_WARN_RANGE_LOOP_ANALYSIS = YES;
				CLANG_WARN_STRICT_PROTOTYPES = YES;
				CLANG_WARN_SUSPICIOUS_MOVE = YES;
				CLANG_WARN_UNGUARDED_AVAILABILITY = YES_AGGRESSIVE;
				CLANG_WARN_UNREACHABLE_CODE = YES;
				CLANG_WARN__DUPLICATE_METHOD_MATCH = YES;
				COPY_PHASE_STRIP = NO;
				DEBUG_INFORMATION_FORMAT = "dwarf-with-dsym";
				ENABLE_NS_ASSERTIONS = NO;
				ENABLE_STRICT_OBJC_MSGSEND = YES;
				GCC_C_LANGUAGE_STANDARD = gnu11;
				GCC_NO_COMMON_BLOCKS = YES;
				GCC_WARN_64_TO_32_BIT_CONVERSION = YES;
				GCC_WARN_ABOUT_RETURN_TYPE = YES_ERROR;
				GCC_WARN_UNDECLARED_SELECTOR = YES;
				GCC_WARN_UNINITIALIZED_AUTOS = YES_AGGRESSIVE;
				GCC_WARN_UNUSED_FUNCTION = YES;
				GCC_WARN_UNUSED_VARIABLE = YES;
				IPHONEOS_DEPLOYMENT_TARGET = 14.4;
				MTL_ENABLE_DEBUG_INFO = NO;
				MTL_FAST_MATH = YES;
				SDKROOT = iphoneos;
				SWIFT_COMPILATION_MODE = wholemodule;
				SWIFT_OPTIMIZATION_LEVEL = "-O";
				VALIDATE_PRODUCT = YES;
			};
			name = Release;
		};
		046EC59E25E4211C00A44EFC /* Debug */ = {
			isa = XCBuildConfiguration;
			buildSettings = {
				ASSETCATALOG_COMPILER_APPICON_NAME = AppIcon;
				ASSETCATALOG_COMPILER_GLOBAL_ACCENT_COLOR_NAME = AccentColor;
				CODE_SIGN_STYLE = Automatic;
				DEVELOPMENT_TEAM = LWU8V4B258;
				INFOPLIST_FILE = "todo-list-app/Info.plist";
				LD_RUNPATH_SEARCH_PATHS = (
					"$(inherited)",
					"@executable_path/Frameworks",
				);
				PRODUCT_BUNDLE_IDENTIFIER = "com.devAYZ.todo-list-app";
				PRODUCT_NAME = "$(TARGET_NAME)";
				SWIFT_VERSION = 5.0;
				TARGETED_DEVICE_FAMILY = 1;
			};
			name = Debug;
		};
		046EC59F25E4211C00A44EFC /* Release */ = {
			isa = XCBuildConfiguration;
			buildSettings = {
				ASSETCATALOG_COMPILER_APPICON_NAME = AppIcon;
				ASSETCATALOG_COMPILER_GLOBAL_ACCENT_COLOR_NAME = AccentColor;
				CODE_SIGN_STYLE = Automatic;
				DEVELOPMENT_TEAM = LWU8V4B258;
				INFOPLIST_FILE = "todo-list-app/Info.plist";
				LD_RUNPATH_SEARCH_PATHS = (
					"$(inherited)",
					"@executable_path/Frameworks",
				);
				PRODUCT_BUNDLE_IDENTIFIER = "com.devAYZ.todo-list-app";
				PRODUCT_NAME = "$(TARGET_NAME)";
				SWIFT_VERSION = 5.0;
				TARGETED_DEVICE_FAMILY = 1;
			};
			name = Release;
		};
		04B93AEE25FB5E0A00077262 /* Debug */ = {
			isa = XCBuildConfiguration;
			buildSettings = {
				BUNDLE_LOADER = "$(TEST_HOST)";
				CODE_SIGN_STYLE = Automatic;
				DEVELOPMENT_TEAM = LWU8V4B258;
				INFOPLIST_FILE = "todo-list-appTests/Info.plist";
				LD_RUNPATH_SEARCH_PATHS = (
					"$(inherited)",
					"@executable_path/Frameworks",
					"@loader_path/Frameworks",
				);
				PRODUCT_BUNDLE_IDENTIFIER = "com.devAYZ.todo-list-appTests";
				PRODUCT_NAME = "$(TARGET_NAME)";
				SWIFT_VERSION = 5.0;
				TARGETED_DEVICE_FAMILY = "1,2";
				TEST_HOST = "$(BUILT_PRODUCTS_DIR)/todo-list-app.app/todo-list-app";
			};
			name = Debug;
		};
		04B93AEF25FB5E0A00077262 /* Release */ = {
			isa = XCBuildConfiguration;
			buildSettings = {
				BUNDLE_LOADER = "$(TEST_HOST)";
				CODE_SIGN_STYLE = Automatic;
				DEVELOPMENT_TEAM = LWU8V4B258;
				INFOPLIST_FILE = "todo-list-appTests/Info.plist";
				LD_RUNPATH_SEARCH_PATHS = (
					"$(inherited)",
					"@executable_path/Frameworks",
					"@loader_path/Frameworks",
				);
				PRODUCT_BUNDLE_IDENTIFIER = "com.devAYZ.todo-list-appTests";
				PRODUCT_NAME = "$(TARGET_NAME)";
				SWIFT_VERSION = 5.0;
				TARGETED_DEVICE_FAMILY = "1,2";
				TEST_HOST = "$(BUILT_PRODUCTS_DIR)/todo-list-app.app/todo-list-app";
			};
			name = Release;
		};
/* End XCBuildConfiguration section */

/* Begin XCConfigurationList section */
		046EC58125E4211800A44EFC /* Build configuration list for PBXProject "todo-list-app" */ = {
			isa = XCConfigurationList;
			buildConfigurations = (
				046EC59B25E4211C00A44EFC /* Debug */,
				046EC59C25E4211C00A44EFC /* Release */,
			);
			defaultConfigurationIsVisible = 0;
			defaultConfigurationName = Release;
		};
		046EC59D25E4211C00A44EFC /* Build configuration list for PBXNativeTarget "todo-list-app" */ = {
			isa = XCConfigurationList;
			buildConfigurations = (
				046EC59E25E4211C00A44EFC /* Debug */,
				046EC59F25E4211C00A44EFC /* Release */,
			);
			defaultConfigurationIsVisible = 0;
			defaultConfigurationName = Release;
		};
		04B93AF025FB5E0A00077262 /* Build configuration list for PBXNativeTarget "todo-list-appTests" */ = {
			isa = XCConfigurationList;
			buildConfigurations = (
				04B93AEE25FB5E0A00077262 /* Debug */,
				04B93AEF25FB5E0A00077262 /* Release */,
			);
			defaultConfigurationIsVisible = 0;
			defaultConfigurationName = Release;
		};
/* End XCConfigurationList section */

/* Begin XCVersionGroup section */
		046EC59225E4211800A44EFC /* todo_list_app.xcdatamodeld */ = {
			isa = XCVersionGroup;
			children = (
				046EC59325E4211800A44EFC /* todo_list_app.xcdatamodel */,
			);
			currentVersion = 046EC59325E4211800A44EFC /* todo_list_app.xcdatamodel */;
			path = todo_list_app.xcdatamodeld;
			sourceTree = "<group>";
			versionGroupType = wrapper.xcdatamodel;
		};
/* End XCVersionGroup section */
	};
	rootObject = 046EC57E25E4211800A44EFC /* Project object */;
}
